
Microsoft Visual Studio Solution File, Format Version 12.00
# Visual Studio Version 16
VisualStudioVersion = 25.0.1700.7
MinimumVisualStudioVersion = 10.0.40219.1
Project("{FAE04EC0-301F-11D3-BF4B-00C04F79EFBC}") = "WatchPortalFunction", "WatchPortalFunction\WatchPortalFunction.csproj", "{C164D853-4A99-4D5C-8EC3-50CE42CA4EB6}"
EndProject
Project("{FAE04EC0-301F-11D3-BF4B-00C04F79EFBC}") = "WatchFunctionsTests", "WatchFunctionsTests\WatchFunctionsTests.csproj", "{F5149AC6-BB14-4355-ABD3-AD84D2D65B08}"
EndProject
Global
	GlobalSection(SolutionConfigurationPlatforms) = preSolution
		Debug|Any CPU = Debug|Any CPU
		Release|Any CPU = Release|Any CPU
	EndGlobalSection
	GlobalSection(ProjectConfigurationPlatforms) = postSolution
		{C164D853-4A99-4D5C-8EC3-50CE42CA4EB6}.Debug|Any CPU.ActiveCfg = Debug|Any CPU
		{C164D853-4A99-4D5C-8EC3-50CE42CA4EB6}.Debug|Any CPU.Build.0 = Debug|Any CPU
		{C164D853-4A99-4D5C-8EC3-50CE42CA4EB6}.Release|Any CPU.ActiveCfg = Release|Any CPU
		{C164D853-4A99-4D5C-8EC3-50CE42CA4EB6}.Release|Any CPU.Build.0 = Release|Any CPU
		{F5149AC6-BB14-4355-ABD3-AD84D2D65B08}.Debug|Any CPU.ActiveCfg = Debug|Any CPU
		{F5149AC6-BB14-4355-ABD3-AD84D2D65B08}.Debug|Any CPU.Build.0 = Debug|Any CPU
		{F5149AC6-BB14-4355-ABD3-AD84D2D65B08}.Release|Any CPU.ActiveCfg = Release|Any CPU
		{F5149AC6-BB14-4355-ABD3-AD84D2D65B08}.Release|Any CPU.Build.0 = Release|Any CPU
	EndGlobalSection
	GlobalSection(SolutionProperties) = preSolution
		HideSolutionNode = FALSE
	EndGlobalSection
	GlobalSection(ExtensibilityGlobals) = postSolution
		SolutionGuid = {9110C338-6E81-42E2-8F01-59C818C7845D}
	EndGlobalSection
EndGlobal
